// !$*UTF8*$!
{
	archiveVersion = 1;
	classes = {
	};
	objectVersion = 55;
	objects = {

/* Begin PBXBuildFile section */
		807461A62845428B000B1375 /* APButton.swift in Sources */ = {isa = PBXBuildFile; fileRef = 807461A52845428B000B1375 /* APButton.swift */; };
		807461A828454319000B1375 /* XDismissButton.swift in Sources */ = {isa = PBXBuildFile; fileRef = 807461A728454319000B1375 /* XDismissButton.swift */; };
		80795E752843FEEF003E8FA0 /* AppetizersListViewModel.swift in Sources */ = {isa = PBXBuildFile; fileRef = 80795E742843FEEF003E8FA0 /* AppetizersListViewModel.swift */; };
		80795E7728440132003E8FA0 /* Alert.swift in Sources */ = {isa = PBXBuildFile; fileRef = 80795E7628440132003E8FA0 /* Alert.swift */; };
		80795E792844087F003E8FA0 /* RemoteImage.swift in Sources */ = {isa = PBXBuildFile; fileRef = 80795E782844087F003E8FA0 /* RemoteImage.swift */; };
		80795E7B28440E8E003E8FA0 /* LoadingView.swift in Sources */ = {isa = PBXBuildFile; fileRef = 80795E7A28440E8E003E8FA0 /* LoadingView.swift */; };
		80795E7D28440FC7003E8FA0 /* Color+Ext.swift in Sources */ = {isa = PBXBuildFile; fileRef = 80795E7C28440FC7003E8FA0 /* Color+Ext.swift */; };
		80795E7F284412F4003E8FA0 /* AppetizerDetailView.swift in Sources */ = {isa = PBXBuildFile; fileRef = 80795E7E284412F4003E8FA0 /* AppetizerDetailView.swift */; };
		808C80A32846A845009B55EA /* Date+ext.swift in Sources */ = {isa = PBXBuildFile; fileRef = 808C80A22846A845009B55EA /* Date+ext.swift */; };
		808F98D92840132100EE43AF /* Appetizer.swift in Sources */ = {isa = PBXBuildFile; fileRef = 808F98D82840132100EE43AF /* Appetizer.swift */; };
		808F98DB2840181700EE43AF /* AppetizerListCell.swift in Sources */ = {isa = PBXBuildFile; fileRef = 808F98DA2840181700EE43AF /* AppetizerListCell.swift */; };
		808F98DD284019B800EE43AF /* NetworkManager.swift in Sources */ = {isa = PBXBuildFile; fileRef = 808F98DC284019B800EE43AF /* NetworkManager.swift */; };
		808F98DF28401AC200EE43AF /* APError.swift in Sources */ = {isa = PBXBuildFile; fileRef = 808F98DE28401AC200EE43AF /* APError.swift */; };
		80B6EA6C2845494100CBF31E /* AccountViewModel.swift in Sources */ = {isa = PBXBuildFile; fileRef = 80B6EA6B2845494100CBF31E /* AccountViewModel.swift */; };
		80B6EA6E28454AB400CBF31E /* String+Ext.swift in Sources */ = {isa = PBXBuildFile; fileRef = 80B6EA6D28454AB400CBF31E /* String+Ext.swift */; };
		80B6EA70284551BD00CBF31E /* User.swift in Sources */ = {isa = PBXBuildFile; fileRef = 80B6EA6F284551BD00CBF31E /* User.swift */; };
		80B6EA73284558C200CBF31E /* EmptyState.swift in Sources */ = {isa = PBXBuildFile; fileRef = 80B6EA72284558C200CBF31E /* EmptyState.swift */; };
		80B6EA7528455BAC00CBF31E /* Order.swift in Sources */ = {isa = PBXBuildFile; fileRef = 80B6EA7428455BAC00CBF31E /* Order.swift */; };
		80B6EA772845654500CBF31E /* CustomModifiers.swift in Sources */ = {isa = PBXBuildFile; fileRef = 80B6EA762845654500CBF31E /* CustomModifiers.swift */; };
		80F0E5B4283D872100712E49 /* AppetizersApp.swift in Sources */ = {isa = PBXBuildFile; fileRef = 80F0E5B3283D872100712E49 /* AppetizersApp.swift */; };
		80F0E5B6283D872100712E49 /* AppetizersTabView.swift in Sources */ = {isa = PBXBuildFile; fileRef = 80F0E5B5283D872100712E49 /* AppetizersTabView.swift */; };
		80F0E5B8283D872200712E49 /* Assets.xcassets in Resources */ = {isa = PBXBuildFile; fileRef = 80F0E5B7283D872200712E49 /* Assets.xcassets */; };
		80F0E5BB283D872200712E49 /* Preview Assets.xcassets in Resources */ = {isa = PBXBuildFile; fileRef = 80F0E5BA283D872200712E49 /* Preview Assets.xcassets */; };
		80F0E5C2283D87CF00712E49 /* AppetizersListView.swift in Sources */ = {isa = PBXBuildFile; fileRef = 80F0E5C1283D87CF00712E49 /* AppetizersListView.swift */; };
		80F0E5C4283D87DA00712E49 /* AccountView.swift in Sources */ = {isa = PBXBuildFile; fileRef = 80F0E5C3283D87DA00712E49 /* AccountView.swift */; };
		80F0E5C6283D87E900712E49 /* OrderView.swift in Sources */ = {isa = PBXBuildFile; fileRef = 80F0E5C5283D87E900712E49 /* OrderView.swift */; };
/* End PBXBuildFile section */

/* Begin PBXFileReference section */
		807461A52845428B000B1375 /* APButton.swift */ = {isa = PBXFileReference; lastKnownFileType = sourcecode.swift; path = APButton.swift; sourceTree = "<group>"; };
		807461A728454319000B1375 /* XDismissButton.swift */ = {isa = PBXFileReference; lastKnownFileType = sourcecode.swift; path = XDismissButton.swift; sourceTree = "<group>"; };
		80795E742843FEEF003E8FA0 /* AppetizersListViewModel.swift */ = {isa = PBXFileReference; lastKnownFileType = sourcecode.swift; path = AppetizersListViewModel.swift; sourceTree = "<group>"; };
		80795E7628440132003E8FA0 /* Alert.swift */ = {isa = PBXFileReference; lastKnownFileType = sourcecode.swift; path = Alert.swift; sourceTree = "<group>"; };
		80795E782844087F003E8FA0 /* RemoteImage.swift */ = {isa = PBXFileReference; lastKnownFileType = sourcecode.swift; path = RemoteImage.swift; sourceTree = "<group>"; };
		80795E7A28440E8E003E8FA0 /* LoadingView.swift */ = {isa = PBXFileReference; lastKnownFileType = sourcecode.swift; path = LoadingView.swift; sourceTree = "<group>"; };
		80795E7C28440FC7003E8FA0 /* Color+Ext.swift */ = {isa = PBXFileReference; lastKnownFileType = sourcecode.swift; path = "Color+Ext.swift"; sourceTree = "<group>"; };
		80795E7E284412F4003E8FA0 /* AppetizerDetailView.swift */ = {isa = PBXFileReference; lastKnownFileType = sourcecode.swift; path = AppetizerDetailView.swift; sourceTree = "<group>"; };
		808C80A22846A845009B55EA /* Date+ext.swift */ = {isa = PBXFileReference; lastKnownFileType = sourcecode.swift; path = "Date+ext.swift"; sourceTree = "<group>"; };
		808F98D82840132100EE43AF /* Appetizer.swift */ = {isa = PBXFileReference; lastKnownFileType = sourcecode.swift; path = Appetizer.swift; sourceTree = "<group>"; };
		808F98DA2840181700EE43AF /* AppetizerListCell.swift */ = {isa = PBXFileReference; lastKnownFileType = sourcecode.swift; path = AppetizerListCell.swift; sourceTree = "<group>"; };
		808F98DC284019B800EE43AF /* NetworkManager.swift */ = {isa = PBXFileReference; lastKnownFileType = sourcecode.swift; path = NetworkManager.swift; sourceTree = "<group>"; };
		808F98DE28401AC200EE43AF /* APError.swift */ = {isa = PBXFileReference; lastKnownFileType = sourcecode.swift; path = APError.swift; sourceTree = "<group>"; };
		80B6EA6B2845494100CBF31E /* AccountViewModel.swift */ = {isa = PBXFileReference; lastKnownFileType = sourcecode.swift; path = AccountViewModel.swift; sourceTree = "<group>"; };
		80B6EA6D28454AB400CBF31E /* String+Ext.swift */ = {isa = PBXFileReference; lastKnownFileType = sourcecode.swift; path = "String+Ext.swift"; sourceTree = "<group>"; };
		80B6EA6F284551BD00CBF31E /* User.swift */ = {isa = PBXFileReference; lastKnownFileType = sourcecode.swift; path = User.swift; sourceTree = "<group>"; };
		80B6EA72284558C200CBF31E /* EmptyState.swift */ = {isa = PBXFileReference; lastKnownFileType = sourcecode.swift; path = EmptyState.swift; sourceTree = "<group>"; };
		80B6EA7428455BAC00CBF31E /* Order.swift */ = {isa = PBXFileReference; lastKnownFileType = sourcecode.swift; path = Order.swift; sourceTree = "<group>"; };
		80B6EA762845654500CBF31E /* CustomModifiers.swift */ = {isa = PBXFileReference; lastKnownFileType = sourcecode.swift; path = CustomModifiers.swift; sourceTree = "<group>"; };
		80F0E5B0283D872100712E49 /* Appetizers.app */ = {isa = PBXFileReference; explicitFileType = wrapper.application; includeInIndex = 0; path = Appetizers.app; sourceTree = BUILT_PRODUCTS_DIR; };
		80F0E5B3283D872100712E49 /* AppetizersApp.swift */ = {isa = PBXFileReference; lastKnownFileType = sourcecode.swift; path = AppetizersApp.swift; sourceTree = "<group>"; };
		80F0E5B5283D872100712E49 /* AppetizersTabView.swift */ = {isa = PBXFileReference; lastKnownFileType = sourcecode.swift; path = AppetizersTabView.swift; sourceTree = "<group>"; };
		80F0E5B7283D872200712E49 /* Assets.xcassets */ = {isa = PBXFileReference; lastKnownFileType = folder.assetcatalog; path = Assets.xcassets; sourceTree = "<group>"; };
		80F0E5BA283D872200712E49 /* Preview Assets.xcassets */ = {isa = PBXFileReference; lastKnownFileType = folder.assetcatalog; path = "Preview Assets.xcassets"; sourceTree = "<group>"; };
		80F0E5C1283D87CF00712E49 /* AppetizersListView.swift */ = {isa = PBXFileReference; lastKnownFileType = sourcecode.swift; path = AppetizersListView.swift; sourceTree = "<group>"; };
		80F0E5C3283D87DA00712E49 /* AccountView.swift */ = {isa = PBXFileReference; lastKnownFileType = sourcecode.swift; path = AccountView.swift; sourceTree = "<group>"; };
		80F0E5C5283D87E900712E49 /* OrderView.swift */ = {isa = PBXFileReference; lastKnownFileType = sourcecode.swift; path = OrderView.swift; sourceTree = "<group>"; };
/* End PBXFileReference section */

/* Begin PBXFrameworksBuildPhase section */
		80F0E5AD283D872100712E49 /* Frameworks */ = {
			isa = PBXFrameworksBuildPhase;
			buildActionMask = 2147483647;
			files = (
			);
			runOnlyForDeploymentPostprocessing = 0;
		};
/* End PBXFrameworksBuildPhase section */

/* Begin PBXGroup section */
		807461A42845427B000B1375 /* Buttons */ = {
			isa = PBXGroup;
			children = (
				807461A52845428B000B1375 /* APButton.swift */,
				807461A728454319000B1375 /* XDismissButton.swift */,
			);
			path = Buttons;
			sourceTree = "<group>";
		};
		80B6EA71284558B500CBF31E /* EmptyStates */ = {
			isa = PBXGroup;
			children = (
				80B6EA72284558C200CBF31E /* EmptyState.swift */,
			);
			path = EmptyStates;
			sourceTree = "<group>";
		};
		80F0E5A7283D872100712E49 = {
			isa = PBXGroup;
			children = (
				80F0E5B2283D872100712E49 /* Appetizers */,
				80F0E5B1283D872100712E49 /* Products */,
			);
			sourceTree = "<group>";
		};
		80F0E5B1283D872100712E49 /* Products */ = {
			isa = PBXGroup;
			children = (
				80F0E5B0283D872100712E49 /* Appetizers.app */,
			);
			name = Products;
			sourceTree = "<group>";
		};
		80F0E5B2283D872100712E49 /* Appetizers */ = {
			isa = PBXGroup;
			children = (
				80B6EA71284558B500CBF31E /* EmptyStates */,
				807461A42845427B000B1375 /* Buttons */,
				80F0E5B3283D872100712E49 /* AppetizersApp.swift */,
				80F0E5B5283D872100712E49 /* AppetizersTabView.swift */,
				80F0E5B7283D872200712E49 /* Assets.xcassets */,
				80F0E5B9283D872200712E49 /* Preview Content */,
				80F0E5C1283D87CF00712E49 /* AppetizersListView.swift */,
				80F0E5C3283D87DA00712E49 /* AccountView.swift */,
				80F0E5C5283D87E900712E49 /* OrderView.swift */,
				808F98D82840132100EE43AF /* Appetizer.swift */,
				808F98DA2840181700EE43AF /* AppetizerListCell.swift */,
				808F98DC284019B800EE43AF /* NetworkManager.swift */,
				808F98DE28401AC200EE43AF /* APError.swift */,
				80795E742843FEEF003E8FA0 /* AppetizersListViewModel.swift */,
				80795E7628440132003E8FA0 /* Alert.swift */,
				80795E782844087F003E8FA0 /* RemoteImage.swift */,
				80795E7A28440E8E003E8FA0 /* LoadingView.swift */,
				80795E7C28440FC7003E8FA0 /* Color+Ext.swift */,
				80795E7E284412F4003E8FA0 /* AppetizerDetailView.swift */,
				80B6EA6B2845494100CBF31E /* AccountViewModel.swift */,
				80B6EA6D28454AB400CBF31E /* String+Ext.swift */,
				80B6EA6F284551BD00CBF31E /* User.swift */,
				80B6EA7428455BAC00CBF31E /* Order.swift */,
				80B6EA762845654500CBF31E /* CustomModifiers.swift */,
				808C80A22846A845009B55EA /* Date+ext.swift */,
			);
			path = Appetizers;
			sourceTree = "<group>";
		};
		80F0E5B9283D872200712E49 /* Preview Content */ = {
			isa = PBXGroup;
			children = (
				80F0E5BA283D872200712E49 /* Preview Assets.xcassets */,
			);
			path = "Preview Content";
			sourceTree = "<group>";
		};
/* End PBXGroup section */

/* Begin PBXNativeTarget section */
		80F0E5AF283D872100712E49 /* Appetizers */ = {
			isa = PBXNativeTarget;
			buildConfigurationList = 80F0E5BE283D872200712E49 /* Build configuration list for PBXNativeTarget "Appetizers" */;
			buildPhases = (
				80F0E5AC283D872100712E49 /* Sources */,
				80F0E5AD283D872100712E49 /* Frameworks */,
				80F0E5AE283D872100712E49 /* Resources */,
			);
			buildRules = (
			);
			dependencies = (
			);
			name = Appetizers;
			productName = Appetizers;
			productReference = 80F0E5B0283D872100712E49 /* Appetizers.app */;
			productType = "com.apple.product-type.application";
		};
/* End PBXNativeTarget section */

/* Begin PBXProject section */
		80F0E5A8283D872100712E49 /* Project object */ = {
			isa = PBXProject;
			attributes = {
				BuildIndependentTargetsInParallel = 1;
				LastSwiftUpdateCheck = 1340;
				LastUpgradeCheck = 1340;
				TargetAttributes = {
					80F0E5AF283D872100712E49 = {
						CreatedOnToolsVersion = 13.4;
					};
				};
			};
			buildConfigurationList = 80F0E5AB283D872100712E49 /* Build configuration list for PBXProject "Appetizers" */;
			compatibilityVersion = "Xcode 13.0";
			developmentRegion = en;
			hasScannedForEncodings = 0;
			knownRegions = (
				en,
				Base,
			);
			mainGroup = 80F0E5A7283D872100712E49;
			productRefGroup = 80F0E5B1283D872100712E49 /* Products */;
			projectDirPath = "";
			projectRoot = "";
			targets = (
				80F0E5AF283D872100712E49 /* Appetizers */,
			);
		};
/* End PBXProject section */

/* Begin PBXResourcesBuildPhase section */
		80F0E5AE283D872100712E49 /* Resources */ = {
			isa = PBXResourcesBuildPhase;
			buildActionMask = 2147483647;
			files = (
				80F0E5BB283D872200712E49 /* Preview Assets.xcassets in Resources */,
				80F0E5B8283D872200712E49 /* Assets.xcassets in Resources */,
			);
			runOnlyForDeploymentPostprocessing = 0;
		};
/* End PBXResourcesBuildPhase section */

/* Begin PBXSourcesBuildPhase section */
		80F0E5AC283D872100712E49 /* Sources */ = {
			isa = PBXSourcesBuildPhase;
			buildActionMask = 2147483647;
			files = (
				808F98D92840132100EE43AF /* Appetizer.swift in Sources */,
				80795E7D28440FC7003E8FA0 /* Color+Ext.swift in Sources */,
				807461A828454319000B1375 /* XDismissButton.swift in Sources */,
				80795E752843FEEF003E8FA0 /* AppetizersListViewModel.swift in Sources */,
				80B6EA7528455BAC00CBF31E /* Order.swift in Sources */,
				808C80A32846A845009B55EA /* Date+ext.swift in Sources */,
				80B6EA6C2845494100CBF31E /* AccountViewModel.swift in Sources */,
				808F98DF28401AC200EE43AF /* APError.swift in Sources */,
				80795E792844087F003E8FA0 /* RemoteImage.swift in Sources */,
				808F98DB2840181700EE43AF /* AppetizerListCell.swift in Sources */,
				80B6EA70284551BD00CBF31E /* User.swift in Sources */,
				807461A62845428B000B1375 /* APButton.swift in Sources */,
				80F0E5C4283D87DA00712E49 /* AccountView.swift in Sources */,
				80F0E5B6283D872100712E49 /* AppetizersTabView.swift in Sources */,
				808F98DD284019B800EE43AF /* NetworkManager.swift in Sources */,
				80F0E5B4283D872100712E49 /* AppetizersApp.swift in Sources */,
				80B6EA6E28454AB400CBF31E /* String+Ext.swift in Sources */,
				80B6EA73284558C200CBF31E /* EmptyState.swift in Sources */,
				80795E7F284412F4003E8FA0 /* AppetizerDetailView.swift in Sources */,
				80795E7728440132003E8FA0 /* Alert.swift in Sources */,
				80F0E5C2283D87CF00712E49 /* AppetizersListView.swift in Sources */,
				80B6EA772845654500CBF31E /* CustomModifiers.swift in Sources */,
				80795E7B28440E8E003E8FA0 /* LoadingView.swift in Sources */,
				80F0E5C6283D87E900712E49 /* OrderView.swift in Sources */,
			);
			runOnlyForDeploymentPostprocessing = 0;
		};
/* End PBXSourcesBuildPhase section */

/* Begin XCBuildConfiguration section */
		80F0E5BC283D872200712E49 /* Debug */ = {
			isa = XCBuildConfiguration;
			buildSettings = {
				ALWAYS_SEARCH_USER_PATHS = NO;
				CLANG_ANALYZER_NONNULL = YES;
				CLANG_ANALYZER_NUMBER_OBJECT_CONVERSION = YES_AGGRESSIVE;
				CLANG_CXX_LANGUAGE_STANDARD = "gnu++17";
				CLANG_ENABLE_MODULES = YES;
				CLANG_ENABLE_OBJC_ARC = YES;
				CLANG_ENABLE_OBJC_WEAK = YES;
				CLANG_WARN_BLOCK_CAPTURE_AUTORELEASING = YES;
				CLANG_WARN_BOOL_CONVERSION = YES;
				CLANG_WARN_COMMA = YES;
				CLANG_WARN_CONSTANT_CONVERSION = YES;
				CLANG_WARN_DEPRECATED_OBJC_IMPLEMENTATIONS = YES;
				CLANG_WARN_DIRECT_OBJC_ISA_USAGE = YES_ERROR;
				CLANG_WARN_DOCUMENTATION_COMMENTS = YES;
				CLANG_WARN_EMPTY_BODY = YES;
				CLANG_WARN_ENUM_CONVERSION = YES;
				CLANG_WARN_INFINITE_RECURSION = YES;
				CLANG_WARN_INT_CONVERSION = YES;
				CLANG_WARN_NON_LITERAL_NULL_CONVERSION = YES;
				CLANG_WARN_OBJC_IMPLICIT_RETAIN_SELF = YES;
				CLANG_WARN_OBJC_LITERAL_CONVERSION = YES;
				CLANG_WARN_OBJC_ROOT_CLASS = YES_ERROR;
				CLANG_WARN_QUOTED_INCLUDE_IN_FRAMEWORK_HEADER = YES;
				CLANG_WARN_RANGE_LOOP_ANALYSIS = YES;
				CLANG_WARN_STRICT_PROTOTYPES = YES;
				CLANG_WARN_SUSPICIOUS_MOVE = YES;
				CLANG_WARN_UNGUARDED_AVAILABILITY = YES_AGGRESSIVE;
				CLANG_WARN_UNREACHABLE_CODE = YES;
				CLANG_WARN__DUPLICATE_METHOD_MATCH = YES;
				COPY_PHASE_STRIP = NO;
				DEBUG_INFORMATION_FORMAT = dwarf;
				ENABLE_STRICT_OBJC_MSGSEND = YES;
				ENABLE_TESTABILITY = YES;
				GCC_C_LANGUAGE_STANDARD = gnu11;
				GCC_DYNAMIC_NO_PIC = NO;
				GCC_NO_COMMON_BLOCKS = YES;
				GCC_OPTIMIZATION_LEVEL = 0;
				GCC_PREPROCESSOR_DEFINITIONS = (
					"DEBUG=1",
					"$(inherited)",
				);
				GCC_WARN_64_TO_32_BIT_CONVERSION = YES;
				GCC_WARN_ABOUT_RETURN_TYPE = YES_ERROR;
				GCC_WARN_UNDECLARED_SELECTOR = YES;
				GCC_WARN_UNINITIALIZED_AUTOS = YES_AGGRESSIVE;
				GCC_WARN_UNUSED_FUNCTION = YES;
				GCC_WARN_UNUSED_VARIABLE = YES;
				IPHONEOS_DEPLOYMENT_TARGET = 15.5;
				MTL_ENABLE_DEBUG_INFO = INCLUDE_SOURCE;
				MTL_FAST_MATH = YES;
				ONLY_ACTIVE_ARCH = YES;
				SDKROOT = iphoneos;
				SWIFT_ACTIVE_COMPILATION_CONDITIONS = DEBUG;
				SWIFT_OPTIMIZATION_LEVEL = "-Onone";
			};
			name = Debug;
		};
		80F0E5BD283D872200712E49 /* Release */ = {
			isa = XCBuildConfiguration;
			buildSettings = {
				ALWAYS_SEARCH_USER_PATHS = NO;
				CLANG_ANALYZER_NONNULL = YES;
				CLANG_ANALYZER_NUMBER_OBJECT_CONVERSION = YES_AGGRESSIVE;
				CLANG_CXX_LANGUAGE_STANDARD = "gnu++17";
				CLANG_ENABLE_MODULES = YES;
				CLANG_ENABLE_OBJC_ARC = YES;
				CLANG_ENABLE_OBJC_WEAK = YES;
				CLANG_WARN_BLOCK_CAPTURE_AUTORELEASING = YES;
				CLANG_WARN_BOOL_CONVERSION = YES;
				CLANG_WARN_COMMA = YES;
				CLANG_WARN_CONSTANT_CONVERSION = YES;
				CLANG_WARN_DEPRECATED_OBJC_IMPLEMENTATIONS = YES;
				CLANG_WARN_DIRECT_OBJC_ISA_USAGE = YES_ERROR;
				CLANG_WARN_DOCUMENTATION_COMMENTS = YES;
				CLANG_WARN_EMPTY_BODY = YES;
				CLANG_WARN_ENUM_CONVERSION = YES;
				CLANG_WARN_INFINITE_RECURSION = YES;
				CLANG_WARN_INT_CONVERSION = YES;
				CLANG_WARN_NON_LITERAL_NULL_CONVERSION = YES;
				CLANG_WARN_OBJC_IMPLICIT_RETAIN_SELF = YES;
				CLANG_WARN_OBJC_LITERAL_CONVERSION = YES;
				CLANG_WARN_OBJC_ROOT_CLASS = YES_ERROR;
				CLANG_WARN_QUOTED_INCLUDE_IN_FRAMEWORK_HEADER = YES;
				CLANG_WARN_RANGE_LOOP_ANALYSIS = YES;
				CLANG_WARN_STRICT_PROTOTYPES = YES;
				CLANG_WARN_SUSPICIOUS_MOVE = YES;
				CLANG_WARN_UNGUARDED_AVAILABILITY = YES_AGGRESSIVE;
				CLANG_WARN_UNREACHABLE_CODE = YES;
				CLANG_WARN__DUPLICATE_METHOD_MATCH = YES;
				COPY_PHASE_STRIP = NO;
				DEBUG_INFORMATION_FORMAT = "dwarf-with-dsym";
				ENABLE_NS_ASSERTIONS = NO;
				ENABLE_STRICT_OBJC_MSGSEND = YES;
				GCC_C_LANGUAGE_STANDARD = gnu11;
				GCC_NO_COMMON_BLOCKS = YES;
				GCC_WARN_64_TO_32_BIT_CONVERSION = YES;
				GCC_WARN_ABOUT_RETURN_TYPE = YES_ERROR;
				GCC_WARN_UNDECLARED_SELECTOR = YES;
				GCC_WARN_UNINITIALIZED_AUTOS = YES_AGGRESSIVE;
				GCC_WARN_UNUSED_FUNCTION = YES;
				GCC_WARN_UNUSED_VARIABLE = YES;
				IPHONEOS_DEPLOYMENT_TARGET = 15.5;
				MTL_ENABLE_DEBUG_INFO = NO;
				MTL_FAST_MATH = YES;
				SDKROOT = iphoneos;
				SWIFT_COMPILATION_MODE = wholemodule;
				SWIFT_OPTIMIZATION_LEVEL = "-O";
				VALIDATE_PRODUCT = YES;
			};
			name = Release;
		};
		80F0E5BF283D872200712E49 /* Debug */ = {
			isa = XCBuildConfiguration;
			buildSettings = {
				ASSETCATALOG_COMPILER_APPICON_NAME = AppIcon;
				ASSETCATALOG_COMPILER_GLOBAL_ACCENT_COLOR_NAME = AccentColor;
				CODE_SIGN_STYLE = Automatic;
				CURRENT_PROJECT_VERSION = 1;
				DEVELOPMENT_ASSET_PATHS = "\"Appetizers/Preview Content\"";
				DEVELOPMENT_TEAM = ZQDPVPQ343;
				ENABLE_PREVIEWS = YES;
				GENERATE_INFOPLIST_FILE = YES;
				INFOPLIST_KEY_UIApplicationSceneManifest_Generation = YES;
				INFOPLIST_KEY_UIApplicationSupportsIndirectInputEvents = YES;
				INFOPLIST_KEY_UILaunchScreen_Generation = YES;
				INFOPLIST_KEY_UISupportedInterfaceOrientations_iPad = "UIInterfaceOrientationPortrait UIInterfaceOrientationPortraitUpsideDown UIInterfaceOrientationLandscapeLeft UIInterfaceOrientationLandscapeRight";
				INFOPLIST_KEY_UISupportedInterfaceOrientations_iPhone = "UIInterfaceOrientationPortrait UIInterfaceOrientationLandscapeLeft UIInterfaceOrientationLandscapeRight";
				LD_RUNPATH_SEARCH_PATHS = (
					"$(inherited)",
					"@executable_path/Frameworks",
				);
				MARKETING_VERSION = 1.0;
				PRODUCT_BUNDLE_IDENTIFIER = code.josavicente.Appetizers;
				PRODUCT_NAME = "$(TARGET_NAME)";
				SWIFT_EMIT_LOC_STRINGS = YES;
				SWIFT_VERSION = 5.0;
				TARGETED_DEVICE_FAMILY = "1,2";
			};
			name = Debug;
		};
		80F0E5C0283D872200712E49 /* Release */ = {
			isa = XCBuildConfiguration;
			buildSettings = {
				ASSETCATALOG_COMPILER_APPICON_NAME = AppIcon;
				ASSETCATALOG_COMPILER_GLOBAL_ACCENT_COLOR_NAME = AccentColor;
				CODE_SIGN_STYLE = Automatic;
				CURRENT_PROJECT_VERSION = 1;
				DEVELOPMENT_ASSET_PATHS = "\"Appetizers/Preview Content\"";
				DEVELOPMENT_TEAM = ZQDPVPQ343;
				ENABLE_PREVIEWS = YES;
				GENERATE_INFOPLIST_FILE = YES;
				INFOPLIST_KEY_UIApplicationSceneManifest_Generation = YES;
				INFOPLIST_KEY_UIApplicationSupportsIndirectInputEvents = YES;
				INFOPLIST_KEY_UILaunchScreen_Generation = YES;
				INFOPLIST_KEY_UISupportedInterfaceOrientations_iPad = "UIInterfaceOrientationPortrait UIInterfaceOrientationPortraitUpsideDown UIInterfaceOrientationLandscapeLeft UIInterfaceOrientationLandscapeRight";
				INFOPLIST_KEY_UISupportedInterfaceOrientations_iPhone = "UIInterfaceOrientationPortrait UIInterfaceOrientationLandscapeLeft UIInterfaceOrientationLandscapeRight";
				LD_RUNPATH_SEARCH_PATHS = (
					"$(inherited)",
					"@executable_path/Frameworks",
				);
				MARKETING_VERSION = 1.0;
				PRODUCT_BUNDLE_IDENTIFIER = code.josavicente.Appetizers;
				PRODUCT_NAME = "$(TARGET_NAME)";
				SWIFT_EMIT_LOC_STRINGS = YES;
				SWIFT_VERSION = 5.0;
				TARGETED_DEVICE_FAMILY = "1,2";
			};
			name = Release;
		};
/* End XCBuildConfiguration section */

/* Begin XCConfigurationList section */
		80F0E5AB283D872100712E49 /* Build configuration list for PBXProject "Appetizers" */ = {
			isa = XCConfigurationList;
			buildConfigurations = (
				80F0E5BC283D872200712E49 /* Debug */,
				80F0E5BD283D872200712E49 /* Release */,
			);
			defaultConfigurationIsVisible = 0;
			defaultConfigurationName = Release;
		};
		80F0E5BE283D872200712E49 /* Build configuration list for PBXNativeTarget "Appetizers" */ = {
			isa = XCConfigurationList;
			buildConfigurations = (
				80F0E5BF283D872200712E49 /* Debug */,
				80F0E5C0283D872200712E49 /* Release */,
			);
			defaultConfigurationIsVisible = 0;
			defaultConfigurationName = Release;
		};
/* End XCConfigurationList section */
	};
	rootObject = 80F0E5A8283D872100712E49 /* Project object */;
}
